# This file is automatically @generated by Cargo.
# It is not intended for manual editing.
version = 4

[[package]]
name = "libc"
version = "0.2.190"
source = "registry+https://github.com/rust-lang/crates.io-index"
checksum = "ce5d3ddc6d3fa000eb1536d85e147bfe31aacaba692ed6a876f95cb7c855be78"

[[package]]
name = "memmap2"
version = "0.9.11"
source = "registry+https://github.com/rust-lang/crates.io-index"
checksum = "d1219ed1b7f229ee7104d281dd01d6802fe28bb6e95d292942c4daacdeb798c0"
dependencies = [
 "libc",
]

[[package]]
name = "relational-annotations"
version = "0.0.0"

[[package]]
name = "relational-engine-owner-tests"
version = "0.0.0"
dependencies = [
 "relational-engine-scratchpad",
]

[[package]]
name = "relational-engine-scratchpad"
version = "0.0.0"
dependencies = [
 "memmap2",
 "relational-annotations",
]
